
Microsoft Visual Studio Solution File, Format Version 12.00
# Visual Studio Version 17
VisualStudioVersion = 17.3.32922.545
MinimumVisualStudioVersion = 10.0.40219.1
Project("{FAE04EC0-301F-11D3-BF4B-00C04F79EFBC}") = "P3-Project", "P3-Project.csproj", "{783BF861-0951-41EC-87B7-D285F038E3F5}"
EndProject
Global
	GlobalSection(SolutionConfigurationPlatforms) = preSolution
		Debug|Any CPU = Debug|Any CPU
		Release|Any CPU = Release|Any CPU
	EndGlobalSection
	GlobalSection(ProjectConfigurationPlatforms) = postSolution
		{783BF861-0951-41EC-87B7-D285F038E3F5}.Debug|Any CPU.ActiveCfg = Debug|Any CPU
		{783BF861-0951-41EC-87B7-D285F038E3F5}.Debug|Any CPU.Build.0 = Debug|Any CPU
		{783BF861-0951-41EC-87B7-D285F038E3F5}.Release|Any CPU.ActiveCfg = Release|Any CPU
		{783BF861-0951-41EC-87B7-D285F038E3F5}.Release|Any CPU.Build.0 = Release|Any CPU
	EndGlobalSection
	GlobalSection(SolutionProperties) = preSolution
		HideSolutionNode = FALSE
	EndGlobalSection
	GlobalSection(ExtensibilityGlobals) = postSolution
		SolutionGuid = {4FB03966-BAB9-4CF3-A94F-28B3DF0A654C}
	EndGlobalSection
EndGlobal
