
Microsoft Visual Studio Solution File, Format Version 12.00
# Visual Studio Version 17
VisualStudioVersion = 17.3.32922.545
MinimumVisualStudioVersion = 10.0.40219.1
Project("{FAE04EC0-301F-11D3-BF4B-00C04F79EFBC}") = "P3-Project", "P3-Project.csproj", "{0E2B5CF8-7F87-42EB-8CB1-E03108FFB4C7}"
EndProject
Global
	GlobalSection(SolutionConfigurationPlatforms) = preSolution
		Debug|Any CPU = Debug|Any CPU
		Release|Any CPU = Release|Any CPU
	EndGlobalSection
	GlobalSection(ProjectConfigurationPlatforms) = postSolution
		{0E2B5CF8-7F87-42EB-8CB1-E03108FFB4C7}.Debug|Any CPU.ActiveCfg = Debug|Any CPU
		{0E2B5CF8-7F87-42EB-8CB1-E03108FFB4C7}.Debug|Any CPU.Build.0 = Debug|Any CPU
		{0E2B5CF8-7F87-42EB-8CB1-E03108FFB4C7}.Release|Any CPU.ActiveCfg = Release|Any CPU
		{0E2B5CF8-7F87-42EB-8CB1-E03108FFB4C7}.Release|Any CPU.Build.0 = Release|Any CPU
	EndGlobalSection
	GlobalSection(SolutionProperties) = preSolution
		HideSolutionNode = FALSE
	EndGlobalSection
	GlobalSection(ExtensibilityGlobals) = postSolution
		SolutionGuid = {F2D2F03E-377F-4346-AF7A-65F85FC48C46}
	EndGlobalSection
EndGlobal
